
Microsoft Visual Studio Solution File, Format Version 12.00
# Visual Studio Version 17
VisualStudioVersion = 17.10.35122.118
MinimumVisualStudioVersion = 10.0.40219.1
Project("{9A19103F-16F7-4668-BE54-9A1E7A4F7556}") = "BuilderPattern", "ConsoleApp1\BuilderPattern.csproj", "{1C21FBBE-BF56-43CD-8F8B-3D78923F525A}"
EndProject
Project("{9A19103F-16F7-4668-BE54-9A1E7A4F7556}") = "FactoryPattern", "FactoryPattern\FactoryPattern.csproj", "{39416E96-DFE7-4300-88EE-E5469B0C2527}"
EndProject
Project("{9A19103F-16F7-4668-BE54-9A1E7A4F7556}") = "AdapterPattern", "AdapterPattern\AdapterPattern.csproj", "{E39E66AC-B67A-4F67-8114-134512E79EB0}"
EndProject
Project("{9A19103F-16F7-4668-BE54-9A1E7A4F7556}") = "BridgePattern", "BridgePattern\BridgePattern.csproj", "{C3B967F0-ABD2-4E0B-9EBE-0F562018D947}"
EndProject
Project("{9A19103F-16F7-4668-BE54-9A1E7A4F7556}") = "CompositePattern", "CompositePattern\CompositePattern.csproj", "{E8362F8F-58FA-4A21-84E5-9BCA92E7E37B}"
EndProject
Project("{9A19103F-16F7-4668-BE54-9A1E7A4F7556}") = "DecoratorPattern", "DecoratorPattern\DecoratorPattern.csproj", "{0051A231-A322-4576-8BD7-84069C70967C}"
EndProject
Project("{9A19103F-16F7-4668-BE54-9A1E7A4F7556}") = "FactoryPatternFileHandler", "FactoryPatternFileHandler\FactoryPatternFileHandler.csproj", "{789DD639-15B9-4203-8657-78AB2645D47C}"
EndProject
Project("{9A19103F-16F7-4668-BE54-9A1E7A4F7556}") = "ProxyPattern", "ProxyPattern\ProxyPattern.csproj", "{757F2128-29F5-4494-A51F-C28A70E66071}"
EndProject
Project("{9A19103F-16F7-4668-BE54-9A1E7A4F7556}") = "CommandPattern", "CommandPattern\CommandPattern.csproj", "{32B8DACD-6B3E-4A5C-AC73-A2FB646180E6}"
EndProject
Project("{FAE04EC0-301F-11D3-BF4B-00C04F79EFBC}") = "MediatorPattern", "MediatorPattern\MediatorPattern.csproj", "{C3612CD7-2287-442F-8ED1-634CD74D2454}"
EndProject
Project("{FAE04EC0-301F-11D3-BF4B-00C04F79EFBC}") = "MediatorPatternCrud", "MediatorPatternCrud\MediatorPatternCrud.csproj", "{60AFF299-5C4C-4001-A967-3BF68714D546}"
EndProject
Global
	GlobalSection(SolutionConfigurationPlatforms) = preSolution
		Debug|Any CPU = Debug|Any CPU
		Release|Any CPU = Release|Any CPU
	EndGlobalSection
	GlobalSection(ProjectConfigurationPlatforms) = postSolution
		{1C21FBBE-BF56-43CD-8F8B-3D78923F525A}.Debug|Any CPU.ActiveCfg = Debug|Any CPU
		{1C21FBBE-BF56-43CD-8F8B-3D78923F525A}.Debug|Any CPU.Build.0 = Debug|Any CPU
		{1C21FBBE-BF56-43CD-8F8B-3D78923F525A}.Release|Any CPU.ActiveCfg = Release|Any CPU
		{1C21FBBE-BF56-43CD-8F8B-3D78923F525A}.Release|Any CPU.Build.0 = Release|Any CPU
		{39416E96-DFE7-4300-88EE-E5469B0C2527}.Debug|Any CPU.ActiveCfg = Debug|Any CPU
		{39416E96-DFE7-4300-88EE-E5469B0C2527}.Debug|Any CPU.Build.0 = Debug|Any CPU
		{39416E96-DFE7-4300-88EE-E5469B0C2527}.Release|Any CPU.ActiveCfg = Release|Any CPU
		{39416E96-DFE7-4300-88EE-E5469B0C2527}.Release|Any CPU.Build.0 = Release|Any CPU
		{E39E66AC-B67A-4F67-8114-134512E79EB0}.Debug|Any CPU.ActiveCfg = Debug|Any CPU
		{E39E66AC-B67A-4F67-8114-134512E79EB0}.Debug|Any CPU.Build.0 = Debug|Any CPU
		{E39E66AC-B67A-4F67-8114-134512E79EB0}.Release|Any CPU.ActiveCfg = Release|Any CPU
		{E39E66AC-B67A-4F67-8114-134512E79EB0}.Release|Any CPU.Build.0 = Release|Any CPU
		{C3B967F0-ABD2-4E0B-9EBE-0F562018D947}.Debug|Any CPU.ActiveCfg = Debug|Any CPU
		{C3B967F0-ABD2-4E0B-9EBE-0F562018D947}.Debug|Any CPU.Build.0 = Debug|Any CPU
		{C3B967F0-ABD2-4E0B-9EBE-0F562018D947}.Release|Any CPU.ActiveCfg = Release|Any CPU
		{C3B967F0-ABD2-4E0B-9EBE-0F562018D947}.Release|Any CPU.Build.0 = Release|Any CPU
		{E8362F8F-58FA-4A21-84E5-9BCA92E7E37B}.Debug|Any CPU.ActiveCfg = Debug|Any CPU
		{E8362F8F-58FA-4A21-84E5-9BCA92E7E37B}.Debug|Any CPU.Build.0 = Debug|Any CPU
		{E8362F8F-58FA-4A21-84E5-9BCA92E7E37B}.Release|Any CPU.ActiveCfg = Release|Any CPU
		{E8362F8F-58FA-4A21-84E5-9BCA92E7E37B}.Release|Any CPU.Build.0 = Release|Any CPU
		{0051A231-A322-4576-8BD7-84069C70967C}.Debug|Any CPU.ActiveCfg = Debug|Any CPU
		{0051A231-A322-4576-8BD7-84069C70967C}.Debug|Any CPU.Build.0 = Debug|Any CPU
		{0051A231-A322-4576-8BD7-84069C70967C}.Release|Any CPU.ActiveCfg = Release|Any CPU
		{0051A231-A322-4576-8BD7-84069C70967C}.Release|Any CPU.Build.0 = Release|Any CPU
		{789DD639-15B9-4203-8657-78AB2645D47C}.Debug|Any CPU.ActiveCfg = Debug|Any CPU
		{789DD639-15B9-4203-8657-78AB2645D47C}.Debug|Any CPU.Build.0 = Debug|Any CPU
		{789DD639-15B9-4203-8657-78AB2645D47C}.Release|Any CPU.ActiveCfg = Release|Any CPU
		{789DD639-15B9-4203-8657-78AB2645D47C}.Release|Any CPU.Build.0 = Release|Any CPU
		{757F2128-29F5-4494-A51F-C28A70E66071}.Debug|Any CPU.ActiveCfg = Debug|Any CPU
		{757F2128-29F5-4494-A51F-C28A70E66071}.Debug|Any CPU.Build.0 = Debug|Any CPU
		{757F2128-29F5-4494-A51F-C28A70E66071}.Release|Any CPU.ActiveCfg = Release|Any CPU
		{757F2128-29F5-4494-A51F-C28A70E66071}.Release|Any CPU.Build.0 = Release|Any CPU
		{32B8DACD-6B3E-4A5C-AC73-A2FB646180E6}.Debug|Any CPU.ActiveCfg = Debug|Any CPU
		{32B8DACD-6B3E-4A5C-AC73-A2FB646180E6}.Debug|Any CPU.Build.0 = Debug|Any CPU
		{32B8DACD-6B3E-4A5C-AC73-A2FB646180E6}.Release|Any CPU.ActiveCfg = Release|Any CPU
		{32B8DACD-6B3E-4A5C-AC73-A2FB646180E6}.Release|Any CPU.Build.0 = Release|Any CPU
		{C3612CD7-2287-442F-8ED1-634CD74D2454}.Debug|Any CPU.ActiveCfg = Debug|Any CPU
		{C3612CD7-2287-442F-8ED1-634CD74D2454}.Debug|Any CPU.Build.0 = Debug|Any CPU
		{C3612CD7-2287-442F-8ED1-634CD74D2454}.Release|Any CPU.ActiveCfg = Release|Any CPU
		{C3612CD7-2287-442F-8ED1-634CD74D2454}.Release|Any CPU.Build.0 = Release|Any CPU
		{60AFF299-5C4C-4001-A967-3BF68714D546}.Debug|Any CPU.ActiveCfg = Debug|Any CPU
		{60AFF299-5C4C-4001-A967-3BF68714D546}.Debug|Any CPU.Build.0 = Debug|Any CPU
		{60AFF299-5C4C-4001-A967-3BF68714D546}.Release|Any CPU.ActiveCfg = Release|Any CPU
		{60AFF299-5C4C-4001-A967-3BF68714D546}.Release|Any CPU.Build.0 = Release|Any CPU
	EndGlobalSection
	GlobalSection(SolutionProperties) = preSolution
		HideSolutionNode = FALSE
	EndGlobalSection
	GlobalSection(ExtensibilityGlobals) = postSolution
		SolutionGuid = {473EE7F5-CC8C-4E79-B142-AD63165AB984}
	EndGlobalSection
EndGlobal
